// !$*UTF8*$!
{
	archiveVersion = 1;
	classes = {
	};
	objectVersion = 77;
	objects = {

/* Begin PBXContainerItemProxy section */
		B75A7AFD2F38B2D400F2B6FB /* PBXContainerItemProxy */ = {
			isa = PBXContainerItemProxy;
			containerPortal = B75A7AE42F38B2D200F2B6FB /* Project object */;
			proxyType = 1;
			remoteGlobalIDString = B75A7AEB2F38B2D200F2B6FB;
			remoteInfo = AICVAssistant;
		};
		B75A7B072F38B2D400F2B6FB /* PBXContainerItemProxy */ = {
			isa = PBXContainerItemProxy;
			containerPortal = B75A7AE42F38B2D200F2B6FB /* Project object */;
			proxyType = 1;
			remoteGlobalIDString = B75A7AEB2F38B2D200F2B6FB;
			remoteInfo = AICVAssistant;
		};
/* End PBXContainerItemProxy section */

/* Begin PBXFileReference section */
		B75A7AEC2F38B2D200F2B6FB /* AICVAssistant.app */ = {isa = PBXFileReference; explicitFileType = wrapper.application; includeInIndex = 0; path = AICVAssistant.app; sourceTree = BUILT_PRODUCTS_DIR; };
		B75A7AFC2F38B2D400F2B6FB /* AICVAssistantTests.xctest */ = {isa = PBXFileReference; explicitFileType = wrapper.cfbundle; includeInIndex = 0; path = AICVAssistantTests.xctest; sourceTree = BUILT_PRODUCTS_DIR; };
		B75A7B062F38B2D400F2B6FB /* AICVAssistantUITests.xctest */ = {isa = PBXFileReference; explicitFileType = wrapper.cfbundle; includeInIndex = 0; path = AICVAssistantUITests.xctest; sourceTree = BUILT_PRODUCTS_DIR; };
/* End PBXFileReference section */

/* Begin PBXFileSystemSynchronizedRootGroup section */
		B75A7AEE2F38B2D200F2B6FB /* AICVAssistant */ = {
			isa = PBXFileSystemSynchronizedRootGroup;
			path = AICVAssistant;
			sourceTree = "<group>";
		};
		B75A7AFF2F38B2D400F2B6FB /* AICVAssistantTests */ = {
			isa = PBXFileSystemSynchronizedRootGroup;
			path = AICVAssistantTests;
			sourceTree = "<group>";
		};
		B75A7B092F38B2D400F2B6FB /* AICVAssistantUITests */ = {
			isa = PBXFileSystemSynchronizedRootGroup;
			path = AICVAssistantUITests;
			sourceTree = "<group>";
		};
/* End PBXFileSystemSynchronizedRootGroup section */

/* Begin PBXFrameworksBuildPhase section */
		B75A7AE92F38B2D200F2B6FB /* Frameworks */ = {
			isa = PBXFrameworksBuildPhase;
			buildActionMask = 2147483647;
			files = (
			);
			runOnlyForDeploymentPostprocessing = 0;
		};
		B75A7AF92F38B2D400F2B6FB /* Frameworks */ = {
			isa = PBXFrameworksBuildPhase;
			buildActionMask = 2147483647;
			files = (
			);
			runOnlyForDeploymentPostprocessing = 0;
		};
		B75A7B032F38B2D400F2B6FB /* Frameworks */ = {
			isa = PBXFrameworksBuildPhase;
			buildActionMask = 2147483647;
			files = (
			);
			runOnlyForDeploymentPostprocessing = 0;
		};
/* End PBXFrameworksBuildPhase section */

/* Begin PBXGroup section */
		B75A7AE32F38B2D200F2B6FB = {
			isa = PBXGroup;
			children = (
				B75A7AEE2F38B2D200F2B6FB /* AICVAssistant */,
				B75A7AFF2F38B2D400F2B6FB /* AICVAssistantTests */,
				B75A7B092F38B2D400F2B6FB /* AICVAssistantUITests */,
				B75A7AED2F38B2D200F2B6FB /* Products */,
			);
			sourceTree = "<group>";
		};
		B75A7AED2F38B2D200F2B6FB /* Products */ = {
			isa = PBXGroup;
			children = (
				B75A7AEC2F38B2D200F2B6FB /* AICVAssistant.app */,
				B75A7AFC2F38B2D400F2B6FB /* AICVAssistantTests.xctest */,
				B75A7B062F38B2D400F2B6FB /* AICVAssistantUITests.xctest */,
			);
			name = Products;
			sourceTree = "<group>";
		};
/* End PBXGroup section */

/* Begin PBXNativeTarget section */
		B75A7AEB2F38B2D200F2B6FB /* AICVAssistant */ = {
			isa = PBXNativeTarget;
			buildConfigurationList = B75A7B102F38B2D400F2B6FB /* Build configuration list for PBXNativeTarget "AICVAssistant" */;
			buildPhases = (
				B75A7AE82F38B2D200F2B6FB /* Sources */,
				B75A7AE92F38B2D200F2B6FB /* Frameworks */,
				B75A7AEA2F38B2D200F2B6FB /* Resources */,
			);
			buildRules = (
			);
			dependencies = (
			);
			fileSystemSynchronizedGroups = (
				B75A7AEE2F38B2D200F2B6FB /* AICVAssistant */,
			);
			name = AICVAssistant;
			packageProductDependencies = (
			);
			productName = AICVAssistant;
			productReference = B75A7AEC2F38B2D200F2B6FB /* AICVAssistant.app */;
			productType = "com.apple.product-type.application";
		};
		B75A7AFB2F38B2D400F2B6FB /* AICVAssistantTests */ = {
			isa = PBXNativeTarget;
			buildConfigurationList = B75A7B132F38B2D400F2B6FB /* Build configuration list for PBXNativeTarget "AICVAssistantTests" */;
			buildPhases = (
				B75A7AF82F38B2D400F2B6FB /* Sources */,
				B75A7AF92F38B2D400F2B6FB /* Frameworks */,
				B75A7AFA2F38B2D400F2B6FB /* Resources */,
			);
			buildRules = (
			);
			dependencies = (
				B75A7AFE2F38B2D400F2B6FB /* PBXTargetDependency */,
			);
			fileSystemSynchronizedGroups = (
				B75A7AFF2F38B2D400F2B6FB /* AICVAssistantTests */,
			);
			name = AICVAssistantTests;
			packageProductDependencies = (
			);
			productName = AICVAssistantTests;
			productReference = B75A7AFC2F38B2D400F2B6FB /* AICVAssistantTests.xctest */;
			productType = "com.apple.product-type.bundle.unit-test";
		};
		B75A7B052F38B2D400F2B6FB /* AICVAssistantUITests */ = {
			isa = PBXNativeTarget;
			buildConfigurationList = B75A7B162F38B2D400F2B6FB /* Build configuration list for PBXNativeTarget "AICVAssistantUITests" */;
			buildPhases = (
				B75A7B022F38B2D400F2B6FB /* Sources */,
				B75A7B032F38B2D400F2B6FB /* Frameworks */,
				B75A7B042F38B2D400F2B6FB /* Resources */,
			);
			buildRules = (
			);
			dependencies = (
				B75A7B082F38B2D400F2B6FB /* PBXTargetDependency */,
			);
			fileSystemSynchronizedGroups = (
				B75A7B092F38B2D400F2B6FB /* AICVAssistantUITests */,
			);
			name = AICVAssistantUITests;
			packageProductDependencies = (
			);
			productName = AICVAssistantUITests;
			productReference = B75A7B062F38B2D400F2B6FB /* AICVAssistantUITests.xctest */;
			productType = "com.apple.product-type.bundle.ui-testing";
		};
/* End PBXNativeTarget section */

/* Begin PBXProject section */
		B75A7AE42F38B2D200F2B6FB /* Project object */ = {
			isa = PBXProject;
			attributes = {
				BuildIndependentTargetsInParallel = 1;
				LastSwiftUpdateCheck = 1620;
				LastUpgradeCheck = 1620;
				TargetAttributes = {
					B75A7AEB2F38B2D200F2B6FB = {
						CreatedOnToolsVersion = 16.2;
					};
					B75A7AFB2F38B2D400F2B6FB = {
						CreatedOnToolsVersion = 16.2;
						TestTargetID = B75A7AEB2F38B2D200F2B6FB;
					};
					B75A7B052F38B2D400F2B6FB = {
						CreatedOnToolsVersion = 16.2;
						TestTargetID = B75A7AEB2F38B2D200F2B6FB;
					};
				};
			};
			buildConfigurationList = B75A7AE72F38B2D200F2B6FB /* Build configuration list for PBXProject "AICVAssistant" */;
			developmentRegion = en;
			hasScannedForEncodings = 0;
			knownRegions = (
				en,
				Base,
			);
			mainGroup = B75A7AE32F38B2D200F2B6FB;
			minimizedProjectReferenceProxies = 1;
			preferredProjectObjectVersion = 77;
			productRefGroup = B75A7AED2F38B2D200F2B6FB /* Products */;
			projectDirPath = "";
			projectRoot = "";
			targets = (
				B75A7AEB2F38B2D200F2B6FB /* AICVAssistant */,
				B75A7AFB2F38B2D400F2B6FB /* AICVAssistantTests */,
				B75A7B052F38B2D400F2B6FB /* AICVAssistantUITests */,
			);
		};
/* End PBXProject section */

/* Begin PBXResourcesBuildPhase section */
		B75A7AEA2F38B2D200F2B6FB /* Resources */ = {
			isa = PBXResourcesBuildPhase;
			buildActionMask = 2147483647;
			files = (
			);
			runOnlyForDeploymentPostprocessing = 0;
		};
		B75A7AFA2F38B2D400F2B6FB /* Resources */ = {
			isa = PBXResourcesBuildPhase;
			buildActionMask = 2147483647;
			files = (
			);
			runOnlyForDeploymentPostprocessing = 0;
		};
		B75A7B042F38B2D400F2B6FB /* Resources */ = {
			isa = PBXResourcesBuildPhase;
			buildActionMask = 2147483647;
			files = (
			);
			runOnlyForDeploymentPostprocessing = 0;
		};
/* End PBXResourcesBuildPhase section */

/* Begin PBXSourcesBuildPhase section */
		B75A7AE82F38B2D200F2B6FB /* Sources */ = {
			isa = PBXSourcesBuildPhase;
			buildActionMask = 2147483647;
			files = (
			);
			runOnlyForDeploymentPostprocessing = 0;
		};
		B75A7AF82F38B2D400F2B6FB /* Sources */ = {
			isa = PBXSourcesBuildPhase;
			buildActionMask = 2147483647;
			files = (
			);
			runOnlyForDeploymentPostprocessing = 0;
		};
		B75A7B022F38B2D400F2B6FB /* Sources */ = {
			isa = PBXSourcesBuildPhase;
			buildActionMask = 2147483647;
			files = (
			);
			runOnlyForDeploymentPostprocessing = 0;
		};
/* End PBXSourcesBuildPhase section */

/* Begin PBXTargetDependency section */
		B75A7AFE2F38B2D400F2B6FB /* PBXTargetDependency */ = {
			isa = PBXTargetDependency;
			target = B75A7AEB2F38B2D200F2B6FB /* AICVAssistant */;
			targetProxy = B75A7AFD2F38B2D400F2B6FB /* PBXContainerItemProxy */;
		};
		B75A7B082F38B2D400F2B6FB /* PBXTargetDependency */ = {
			isa = PBXTargetDependency;
			target = B75A7AEB2F38B2D200F2B6FB /* AICVAssistant */;
			targetProxy = B75A7B072F38B2D400F2B6FB /* PBXContainerItemProxy */;
		};
/* End PBXTargetDependency section */

/* Begin XCBuildConfiguration section */
		B75A7B0E2F38B2D400F2B6FB /* Debug */ = {
			isa = XCBuildConfiguration;
			buildSettings = {
				ALWAYS_SEARCH_USER_PATHS = NO;
				ASSETCATALOG_COMPILER_GENERATE_SWIFT_ASSET_SYMBOL_EXTENSIONS = YES;
				CLANG_ANALYZER_NONNULL = YES;
				CLANG_ANALYZER_NUMBER_OBJECT_CONVERSION = YES_AGGRESSIVE;
				CLANG_CXX_LANGUAGE_STANDARD = "gnu++20";
				CLANG_ENABLE_MODULES = YES;
				CLANG_ENABLE_OBJC_ARC = YES;
				CLANG_ENABLE_OBJC_WEAK = YES;
				CLANG_WARN_BLOCK_CAPTURE_AUTORELEASING = YES;
				CLANG_WARN_BOOL_CONVERSION = YES;
				CLANG_WARN_COMMA = YES;
				CLANG_WARN_CONSTANT_CONVERSION = YES;
				CLANG_WARN_DEPRECATED_OBJC_IMPLEMENTATIONS = YES;
				CLANG_WARN_DIRECT_OBJC_ISA_USAGE = YES_ERROR;
				CLANG_WARN_DOCUMENTATION_COMMENTS = YES;
				CLANG_WARN_EMPTY_BODY = YES;
				CLANG_WARN_ENUM_CONVERSION = YES;
				CLANG_WARN_INFINITE_RECURSION = YES;
				CLANG_WARN_INT_CONVERSION = YES;
				CLANG_WARN_NON_LITERAL_NULL_CONVERSION = YES;
				CLANG_WARN_OBJC_IMPLICIT_RETAIN_SELF = YES;
				CLANG_WARN_OBJC_LITERAL_CONVERSION = YES;
				CLANG_WARN_OBJC_ROOT_CLASS = YES_ERROR;
				CLANG_WARN_QUOTED_INCLUDE_IN_FRAMEWORK_HEADER = YES;
				CLANG_WARN_RANGE_LOOP_ANALYSIS = YES;
				CLANG_WARN_STRICT_PROTOTYPES = YES;
				CLANG_WARN_SUSPICIOUS_MOVE = YES;
				CLANG_WARN_UNGUARDED_AVAILABILITY = YES_AGGRESSIVE;
				CLANG_WARN_UNREACHABLE_CODE = YES;
				CLANG_WARN__DUPLICATE_METHOD_MATCH = YES;
				COPY_PHASE_STRIP = NO;
				DEBUG_INFORMATION_FORMAT = dwarf;
				ENABLE_STRICT_OBJC_MSGSEND = YES;
				ENABLE_TESTABILITY = YES;
				ENABLE_USER_SCRIPT_SANDBOXING = YES;
				GCC_C_LANGUAGE_STANDARD = gnu17;
				GCC_DYNAMIC_NO_PIC = NO;
				GCC_NO_COMMON_BLOCKS = YES;
				GCC_OPTIMIZATION_LEVEL = 0;
				GCC_PREPROCESSOR_DEFINITIONS = (
					"DEBUG=1",
					"$(inherited)",
				);
				GCC_WARN_64_TO_32_BIT_CONVERSION = YES;
				GCC_WARN_ABOUT_RETURN_TYPE = YES_ERROR;
				GCC_WARN_UNDECLARED_SELECTOR = YES;
				GCC_WARN_UNINITIALIZED_AUTOS = YES_AGGRESSIVE;
				GCC_WARN_UNUSED_FUNCTION = YES;
				GCC_WARN_UNUSED_VARIABLE = YES;
				IPHONEOS_DEPLOYMENT_TARGET = 18.2;
				LOCALIZATION_PREFERS_STRING_CATALOGS = YES;
				MTL_ENABLE_DEBUG_INFO = INCLUDE_SOURCE;
				MTL_FAST_MATH = YES;
				ONLY_ACTIVE_ARCH = YES;
				SDKROOT = iphoneos;
				SWIFT_ACTIVE_COMPILATION_CONDITIONS = "DEBUG $(inherited)";
				SWIFT_OPTIMIZATION_LEVEL = "-Onone";
			};
			name = Debug;
		};
		B75A7B0F2F38B2D400F2B6FB /* Release */ = {
			isa = XCBuildConfiguration;
			buildSettings = {
				ALWAYS_SEARCH_USER_PATHS = NO;
				ASSETCATALOG_COMPILER_GENERATE_SWIFT_ASSET_SYMBOL_EXTENSIONS = YES;
				CLANG_ANALYZER_NONNULL = YES;
				CLANG_ANALYZER_NUMBER_OBJECT_CONVERSION = YES_AGGRESSIVE;
				CLANG_CXX_LANGUAGE_STANDARD = "gnu++20";
				CLANG_ENABLE_MODULES = YES;
				CLANG_ENABLE_OBJC_ARC = YES;
				CLANG_ENABLE_OBJC_WEAK = YES;
				CLANG_WARN_BLOCK_CAPTURE_AUTORELEASING = YES;
				CLANG_WARN_BOOL_CONVERSION = YES;
				CLANG_WARN_COMMA = YES;
				CLANG_WARN_CONSTANT_CONVERSION = YES;
				CLANG_WARN_DEPRECATED_OBJC_IMPLEMENTATIONS = YES;
				CLANG_WARN_DIRECT_OBJC_ISA_USAGE = YES_ERROR;
				CLANG_WARN_DOCUMENTATION_COMMENTS = YES;
				CLANG_WARN_EMPTY_BODY = YES;
				CLANG_WARN_ENUM_CONVERSION = YES;
				CLANG_WARN_INFINITE_RECURSION = YES;
				CLANG_WARN_INT_CONVERSION = YES;
				CLANG_WARN_NON_LITERAL_NULL_CONVERSION = YES;
				CLANG_WARN_OBJC_IMPLICIT_RETAIN_SELF = YES;
				CLANG_WARN_OBJC_LITERAL_CONVERSION = YES;
				CLANG_WARN_OBJC_ROOT_CLASS = YES_ERROR;
				CLANG_WARN_QUOTED_INCLUDE_IN_FRAMEWORK_HEADER = YES;
				CLANG_WARN_RANGE_LOOP_ANALYSIS = YES;
				CLANG_WARN_STRICT_PROTOTYPES = YES;
				CLANG_WARN_SUSPICIOUS_MOVE = YES;
				CLANG_WARN_UNGUARDED_AVAILABILITY = YES_AGGRESSIVE;
				CLANG_WARN_UNREACHABLE_CODE = YES;
				CLANG_WARN__DUPLICATE_METHOD_MATCH = YES;
				COPY_PHASE_STRIP = NO;
				DEBUG_INFORMATION_FORMAT = "dwarf-with-dsym";
				ENABLE_NS_ASSERTIONS = NO;
				ENABLE_STRICT_OBJC_MSGSEND = YES;
				ENABLE_USER_SCRIPT_SANDBOXING = YES;
				GCC_C_LANGUAGE_STANDARD = gnu17;
				GCC_NO_COMMON_BLOCKS = YES;
				GCC_WARN_64_TO_32_BIT_CONVERSION = YES;
				GCC_WARN_ABOUT_RETURN_TYPE = YES_ERROR;
				GCC_WARN_UNDECLARED_SELECTOR = YES;
				GCC_WARN_UNINITIALIZED_AUTOS = YES_AGGRESSIVE;
				GCC_WARN_UNUSED_FUNCTION = YES;
				GCC_WARN_UNUSED_VARIABLE = YES;
				IPHONEOS_DEPLOYMENT_TARGET = 18.2;
				LOCALIZATION_PREFERS_STRING_CATALOGS = YES;
				MTL_ENABLE_DEBUG_INFO = NO;
				MTL_FAST_MATH = YES;
				SDKROOT = iphoneos;
				SWIFT_COMPILATION_MODE = wholemodule;
				VALIDATE_PRODUCT = YES;
			};
			name = Release;
		};
		B75A7B112F38B2D400F2B6FB /* Debug */ = {
			isa = XCBuildConfiguration;
			buildSettings = {
				ASSETCATALOG_COMPILER_APPICON_NAME = AppIcon;
				ASSETCATALOG_COMPILER_GLOBAL_ACCENT_COLOR_NAME = AccentColor;
				CODE_SIGN_STYLE = Automatic;
				CURRENT_PROJECT_VERSION = 1;
				DEVELOPMENT_ASSET_PATHS = "\"AICVAssistant/Preview Content\"";
				DEVELOPMENT_TEAM = TTF7TWQ69Z;
				ENABLE_PREVIEWS = YES;
				GENERATE_INFOPLIST_FILE = YES;
				INFOPLIST_KEY_UIApplicationSceneManifest_Generation = YES;
				INFOPLIST_KEY_UIApplicationSupportsIndirectInputEvents = YES;
				INFOPLIST_KEY_UILaunchScreen_Generation = YES;
				INFOPLIST_KEY_UISupportedInterfaceOrientations_iPad = "UIInterfaceOrientationPortrait UIInterfaceOrientationPortraitUpsideDown UIInterfaceOrientationLandscapeLeft UIInterfaceOrientationLandscapeRight";
				INFOPLIST_KEY_UISupportedInterfaceOrientations_iPhone = "UIInterfaceOrientationPortrait UIInterfaceOrientationLandscapeLeft UIInterfaceOrientationLandscapeRight";
				LD_RUNPATH_SEARCH_PATHS = (
					"$(inherited)",
					"@executable_path/Frameworks",
				);
				MARKETING_VERSION = 1.0;
				PRODUCT_BUNDLE_IDENTIFIER = com.faridrustam.AICVAssistant;
				PRODUCT_NAME = "$(TARGET_NAME)";
				SWIFT_EMIT_LOC_STRINGS = YES;
				SWIFT_VERSION = 5.0;
				TARGETED_DEVICE_FAMILY = "1,2";
			};
			name = Debug;
		};
		B75A7B122F38B2D400F2B6FB /* Release */ = {
			isa = XCBuildConfiguration;
			buildSettings = {
				ASSETCATALOG_COMPILER_APPICON_NAME = AppIcon;
				ASSETCATALOG_COMPILER_GLOBAL_ACCENT_COLOR_NAME = AccentColor;
				CODE_SIGN_STYLE = Automatic;
				CURRENT_PROJECT_VERSION = 1;
				DEVELOPMENT_ASSET_PATHS = "\"AICVAssistant/Preview Content\"";
				DEVELOPMENT_TEAM = TTF7TWQ69Z;
				ENABLE_PREVIEWS = YES;
				GENERATE_INFOPLIST_FILE = YES;
				INFOPLIST_KEY_UIApplicationSceneManifest_Generation = YES;
				INFOPLIST_KEY_UIApplicationSupportsIndirectInputEvents = YES;
				INFOPLIST_KEY_UILaunchScreen_Generation = YES;
				INFOPLIST_KEY_UISupportedInterfaceOrientations_iPad = "UIInterfaceOrientationPortrait UIInterfaceOrientationPortraitUpsideDown UIInterfaceOrientationLandscapeLeft UIInterfaceOrientationLandscapeRight";
				INFOPLIST_KEY_UISupportedInterfaceOrientations_iPhone = "UIInterfaceOrientationPortrait UIInterfaceOrientationLandscapeLeft UIInterfaceOrientationLandscapeRight";
				LD_RUNPATH_SEARCH_PATHS = (
					"$(inherited)",
					"@executable_path/Frameworks",
				);
				MARKETING_VERSION = 1.0;
				PRODUCT_BUNDLE_IDENTIFIER = com.faridrustam.AICVAssistant;
				PRODUCT_NAME = "$(TARGET_NAME)";
				SWIFT_EMIT_LOC_STRINGS = YES;
				SWIFT_VERSION = 5.0;
				TARGETED_DEVICE_FAMILY = "1,2";
			};
			name = Release;
		};
		B75A7B142F38B2D400F2B6FB /* Debug */ = {
			isa = XCBuildConfiguration;
			buildSettings = {
				BUNDLE_LOADER = "$(TEST_HOST)";
				CODE_SIGN_STYLE = Automatic;
				CURRENT_PROJECT_VERSION = 1;
				DEVELOPMENT_TEAM = TTF7TWQ69Z;
				GENERATE_INFOPLIST_FILE = YES;
				IPHONEOS_DEPLOYMENT_TARGET = 18.2;
				MARKETING_VERSION = 1.0;
				PRODUCT_BUNDLE_IDENTIFIER = com.faridrustam.AICVAssistantTests;
				PRODUCT_NAME = "$(TARGET_NAME)";
				SWIFT_EMIT_LOC_STRINGS = NO;
				SWIFT_VERSION = 5.0;
				TARGETED_DEVICE_FAMILY = "1,2";
				TEST_HOST = "$(BUILT_PRODUCTS_DIR)/AICVAssistant.app/$(BUNDLE_EXECUTABLE_FOLDER_PATH)/AICVAssistant";
			};
			name = Debug;
		};
		B75A7B152F38B2D400F2B6FB /* Release */ = {
			isa = XCBuildConfiguration;
			buildSettings = {
				BUNDLE_LOADER = "$(TEST_HOST)";
				CODE_SIGN_STYLE = Automatic;
				CURRENT_PROJECT_VERSION = 1;
				DEVELOPMENT_TEAM = TTF7TWQ69Z;
				GENERATE_INFOPLIST_FILE = YES;
				IPHONEOS_DEPLOYMENT_TARGET = 18.2;
				MARKETING_VERSION = 1.0;
				PRODUCT_BUNDLE_IDENTIFIER = com.faridrustam.AICVAssistantTests;
				PRODUCT_NAME = "$(TARGET_NAME)";
				SWIFT_EMIT_LOC_STRINGS = NO;
				SWIFT_VERSION = 5.0;
				TARGETED_DEVICE_FAMILY = "1,2";
				TEST_HOST = "$(BUILT_PRODUCTS_DIR)/AICVAssistant.app/$(BUNDLE_EXECUTABLE_FOLDER_PATH)/AICVAssistant";
			};
			name = Release;
		};
		B75A7B172F38B2D400F2B6FB /* Debug */ = {
			isa = XCBuildConfiguration;
			buildSettings = {
				CODE_SIGN_STYLE = Automatic;
				CURRENT_PROJECT_VERSION = 1;
				DEVELOPMENT_TEAM = TTF7TWQ69Z;
				GENERATE_INFOPLIST_FILE = YES;
				MARKETING_VERSION = 1.0;
				PRODUCT_BUNDLE_IDENTIFIER = com.faridrustam.AICVAssistantUITests;
				PRODUCT_NAME = "$(TARGET_NAME)";
				SWIFT_EMIT_LOC_STRINGS = NO;
				SWIFT_VERSION = 5.0;
				TARGETED_DEVICE_FAMILY = "1,2";
				TEST_TARGET_NAME = AICVAssistant;
			};
			name = Debug;
		};
		B75A7B182F38B2D400F2B6FB /* Release */ = {
			isa = XCBuildConfiguration;
			buildSettings = {
				CODE_SIGN_STYLE = Automatic;
				CURRENT_PROJECT_VERSION = 1;
				DEVELOPMENT_TEAM = TTF7TWQ69Z;
				GENERATE_INFOPLIST_FILE = YES;
				MARKETING_VERSION = 1.0;
				PRODUCT_BUNDLE_IDENTIFIER = com.faridrustam.AICVAssistantUITests;
				PRODUCT_NAME = "$(TARGET_NAME)";
				SWIFT_EMIT_LOC_STRINGS = NO;
				SWIFT_VERSION = 5.0;
				TARGETED_DEVICE_FAMILY = "1,2";
				TEST_TARGET_NAME = AICVAssistant;
			};
			name = Release;
		};
/* End XCBuildConfiguration section */

/* Begin XCConfigurationList section */
		B75A7AE72F38B2D200F2B6FB /* Build configuration list for PBXProject "AICVAssistant" */ = {
			isa = XCConfigurationList;
			buildConfigurations = (
				B75A7B0E2F38B2D400F2B6FB /* Debug */,
				B75A7B0F2F38B2D400F2B6FB /* Release */,
			);
			defaultConfigurationIsVisible = 0;
			defaultConfigurationName = Release;
		};
		B75A7B102F38B2D400F2B6FB /* Build configuration list for PBXNativeTarget "AICVAssistant" */ = {
			isa = XCConfigurationList;
			buildConfigurations = (
				B75A7B112F38B2D400F2B6FB /* Debug */,
				B75A7B122F38B2D400F2B6FB /* Release */,
			);
			defaultConfigurationIsVisible = 0;
			defaultConfigurationName = Release;
		};
		B75A7B132F38B2D400F2B6FB /* Build configuration list for PBXNativeTarget "AICVAssistantTests" */ = {
			isa = XCConfigurationList;
			buildConfigurations = (
				B75A7B142F38B2D400F2B6FB /* Debug */,
				B75A7B152F38B2D400F2B6FB /* Release */,
			);
			defaultConfigurationIsVisible = 0;
			defaultConfigurationName = Release;
		};
		B75A7B162F38B2D400F2B6FB /* Build configuration list for PBXNativeTarget "AICVAssistantUITests" */ = {
			isa = XCConfigurationList;
			buildConfigurations = (
				B75A7B172F38B2D400F2B6FB /* Debug */,
				B75A7B182F38B2D400F2B6FB /* Release */,
			);
			defaultConfigurationIsVisible = 0;
			defaultConfigurationName = Release;
		};
/* End XCConfigurationList section */
	};
	rootObject = B75A7AE42F38B2D200F2B6FB /* Project object */;
}
